// !$*UTF8*$!
{
	archiveVersion = 1;
	classes = {
	};
	objectVersion = 46;
	objects = {

/* Begin PBXBuildFile section */
		DE8A38201BBF395F006F77F6 /* AppDelegate.swift in Sources */ = {isa = PBXBuildFile; fileRef = DE8A381F1BBF395F006F77F6 /* AppDelegate.swift */; };
		DE8A38221BBF395F006F77F6 /* FirstViewController.swift in Sources */ = {isa = PBXBuildFile; fileRef = DE8A38211BBF395F006F77F6 /* FirstViewController.swift */; };
		DE8A38241BBF395F006F77F6 /* SecondViewController.swift in Sources */ = {isa = PBXBuildFile; fileRef = DE8A38231BBF395F006F77F6 /* SecondViewController.swift */; };
		DE8A38271BBF395F006F77F6 /* Main.storyboard in Resources */ = {isa = PBXBuildFile; fileRef = DE8A38251BBF395F006F77F6 /* Main.storyboard */; };
		DE8A38291BBF395F006F77F6 /* Assets.xcassets in Resources */ = {isa = PBXBuildFile; fileRef = DE8A38281BBF395F006F77F6 /* Assets.xcassets */; };
		DE8A382C1BBF395F006F77F6 /* LaunchScreen.storyboard in Resources */ = {isa = PBXBuildFile; fileRef = DE8A382A1BBF395F006F77F6 /* LaunchScreen.storyboard */; };
/* End PBXBuildFile section */

/* Begin PBXFileReference section */
		DE8A381C1BBF395E006F77F6 /* Home Inventory.app */ = {isa = PBXFileReference; explicitFileType = wrapper.application; includeInIndex = 0; path = "Home Inventory.app"; sourceTree = BUILT_PRODUCTS_DIR; };
		DE8A381F1BBF395F006F77F6 /* AppDelegate.swift */ = {isa = PBXFileReference; lastKnownFileType = sourcecode.swift; path = AppDelegate.swift; sourceTree = "<group>"; };
		DE8A38211BBF395F006F77F6 /* FirstViewController.swift */ = {isa = PBXFileReference; lastKnownFileType = sourcecode.swift; path = FirstViewController.swift; sourceTree = "<group>"; };
		DE8A38231BBF395F006F77F6 /* SecondViewController.swift */ = {isa = PBXFileReference; lastKnownFileType = sourcecode.swift; path = SecondViewController.swift; sourceTree = "<group>"; };
		DE8A38261BBF395F006F77F6 /* Base */ = {isa = PBXFileReference; lastKnownFileType = file.storyboard; name = Base; path = Base.lproj/Main.storyboard; sourceTree = "<group>"; };
		DE8A38281BBF395F006F77F6 /* Assets.xcassets */ = {isa = PBXFileReference; lastKnownFileType = folder.assetcatalog; path = Assets.xcassets; sourceTree = "<group>"; };
		DE8A382B1BBF395F006F77F6 /* Base */ = {isa = PBXFileReference; lastKnownFileType = file.storyboard; name = Base; path = Base.lproj/LaunchScreen.storyboard; sourceTree = "<group>"; };
		DE8A382D1BBF395F006F77F6 /* Info.plist */ = {isa = PBXFileReference; lastKnownFileType = text.plist.xml; path = Info.plist; sourceTree = "<group>"; };
/* End PBXFileReference section */

/* Begin PBXFrameworksBuildPhase section */
		DE8A38191BBF395E006F77F6 /* Frameworks */ = {
			isa = PBXFrameworksBuildPhase;
			buildActionMask = 2147483647;
			files = (
			);
			runOnlyForDeploymentPostprocessing = 0;
		};
/* End PBXFrameworksBuildPhase section */

/* Begin PBXGroup section */
		DE8A38131BBF395E006F77F6 = {
			isa = PBXGroup;
			children = (
				DE8A381E1BBF395E006F77F6 /* Home Inventory */,
				DE8A381D1BBF395E006F77F6 /* Products */,
			);
			sourceTree = "<group>";
		};
		DE8A381D1BBF395E006F77F6 /* Products */ = {
			isa = PBXGroup;
			children = (
				DE8A381C1BBF395E006F77F6 /* Home Inventory.app */,
			);
			name = Products;
			sourceTree = "<group>";
		};
		DE8A381E1BBF395E006F77F6 /* Home Inventory */ = {
			isa = PBXGroup;
			children = (
				DE8A381F1BBF395F006F77F6 /* AppDelegate.swift */,
				DE8A38211BBF395F006F77F6 /* FirstViewController.swift */,
				DE8A38231BBF395F006F77F6 /* SecondViewController.swift */,
				DE8A38251BBF395F006F77F6 /* Main.storyboard */,
				DE8A38281BBF395F006F77F6 /* Assets.xcassets */,
				DE8A382A1BBF395F006F77F6 /* LaunchScreen.storyboard */,
				DE8A382D1BBF395F006F77F6 /* Info.plist */,
			);
			path = "Home Inventory";
			sourceTree = "<group>";
		};
/* End PBXGroup section */

/* Begin PBXNativeTarget section */
		DE8A381B1BBF395E006F77F6 /* Home Inventory */ = {
			isa = PBXNativeTarget;
			buildConfigurationList = DE8A38301BBF395F006F77F6 /* Build configuration list for PBXNativeTarget "Home Inventory" */;
			buildPhases = (
				DE8A38181BBF395E006F77F6 /* Sources */,
				DE8A38191BBF395E006F77F6 /* Frameworks */,
				DE8A381A1BBF395E006F77F6 /* Resources */,
			);
			buildRules = (
			);
			dependencies = (
			);
			name = "Home Inventory";
			productName = "Home Inventory";
			productReference = DE8A381C1BBF395E006F77F6 /* Home Inventory.app */;
			productType = "com.apple.product-type.application";
		};
/* End PBXNativeTarget section */

/* Begin PBXProject section */
		DE8A38141BBF395E006F77F6 /* Project object */ = {
			isa = PBXProject;
			attributes = {
				LastUpgradeCheck = 0700;
				ORGANIZATIONNAME = HashRocket;
				TargetAttributes = {
					DE8A381B1BBF395E006F77F6 = {
						CreatedOnToolsVersion = 7.0.1;
					};
				};
			};
			buildConfigurationList = DE8A38171BBF395E006F77F6 /* Build configuration list for PBXProject "Home Inventory" */;
			compatibilityVersion = "Xcode 3.2";
			developmentRegion = English;
			hasScannedForEncodings = 0;
			knownRegions = (
				en,
				Base,
			);
			mainGroup = DE8A38131BBF395E006F77F6;
			productRefGroup = DE8A381D1BBF395E006F77F6 /* Products */;
			projectDirPath = "";
			projectRoot = "";
			targets = (
				DE8A381B1BBF395E006F77F6 /* Home Inventory */,
			);
		};
/* End PBXProject section */

/* Begin PBXResourcesBuildPhase section */
		DE8A381A1BBF395E006F77F6 /* Resources */ = {
			isa = PBXResourcesBuildPhase;
			buildActionMask = 2147483647;
			files = (
				DE8A382C1BBF395F006F77F6 /* LaunchScreen.storyboard in Resources */,
				DE8A38291BBF395F006F77F6 /* Assets.xcassets in Resources */,
				DE8A38271BBF395F006F77F6 /* Main.storyboard in Resources */,
			);
			runOnlyForDeploymentPostprocessing = 0;
		};
/* End PBXResourcesBuildPhase section */

/* Begin PBXSourcesBuildPhase section */
		DE8A38181BBF395E006F77F6 /* Sources */ = {
			isa = PBXSourcesBuildPhase;
			buildActionMask = 2147483647;
			files = (
				DE8A38241BBF395F006F77F6 /* SecondViewController.swift in Sources */,
				DE8A38201BBF395F006F77F6 /* AppDelegate.swift in Sources */,
				DE8A38221BBF395F006F77F6 /* FirstViewController.swift in Sources */,
			);
			runOnlyForDeploymentPostprocessing = 0;
		};
/* End PBXSourcesBuildPhase section */

/* Begin PBXVariantGroup section */
		DE8A38251BBF395F006F77F6 /* Main.storyboard */ = {
			isa = PBXVariantGroup;
			children = (
				DE8A38261BBF395F006F77F6 /* Base */,
			);
			name = Main.storyboard;
			sourceTree = "<group>";
		};
		DE8A382A1BBF395F006F77F6 /* LaunchScreen.storyboard */ = {
			isa = PBXVariantGroup;
			children = (
				DE8A382B1BBF395F006F77F6 /* Base */,
			);
			name = LaunchScreen.storyboard;
			sourceTree = "<group>";
		};
/* End PBXVariantGroup section */

/* Begin XCBuildConfiguration section */
		DE8A382E1BBF395F006F77F6 /* Debug */ = {
			isa = XCBuildConfiguration;
			buildSettings = {
				ALWAYS_SEARCH_USER_PATHS = NO;
				CLANG_CXX_LANGUAGE_STANDARD = "gnu++0x";
				CLANG_CXX_LIBRARY = "libc++";
				CLANG_ENABLE_MODULES = YES;
				CLANG_ENABLE_OBJC_ARC = YES;
				CLANG_WARN_BOOL_CONVERSION = YES;
				CLANG_WARN_CONSTANT_CONVERSION = YES;
				CLANG_WARN_DIRECT_OBJC_ISA_USAGE = YES_ERROR;
				CLANG_WARN_EMPTY_BODY = YES;
				CLANG_WARN_ENUM_CONVERSION = YES;
				CLANG_WARN_INT_CONVERSION = YES;
				CLANG_WARN_OBJC_ROOT_CLASS = YES_ERROR;
				CLANG_WARN_UNREACHABLE_CODE = YES;
				CLANG_WARN__DUPLICATE_METHOD_MATCH = YES;
				"CODE_SIGN_IDENTITY[sdk=iphoneos*]" = "iPhone Developer";
				COPY_PHASE_STRIP = NO;
				DEBUG_INFORMATION_FORMAT = dwarf;
				ENABLE_STRICT_OBJC_MSGSEND = YES;
				ENABLE_TESTABILITY = YES;
				GCC_C_LANGUAGE_STANDARD = gnu99;
				GCC_DYNAMIC_NO_PIC = NO;
				GCC_NO_COMMON_BLOCKS = YES;
				GCC_OPTIMIZATION_LEVEL = 0;
				GCC_PREPROCESSOR_DEFINITIONS = (
					"DEBUG=1",
					"$(inherited)",
				);
				GCC_WARN_64_TO_32_BIT_CONVERSION = YES;
				GCC_WARN_ABOUT_RETURN_TYPE = YES_ERROR;
				GCC_WARN_UNDECLARED_SELECTOR = YES;
				GCC_WARN_UNINITIALIZED_AUTOS = YES_AGGRESSIVE;
				GCC_WARN_UNUSED_FUNCTION = YES;
				GCC_WARN_UNUSED_VARIABLE = YES;
				IPHONEOS_DEPLOYMENT_TARGET = 9.0;
				MTL_ENABLE_DEBUG_INFO = YES;
				ONLY_ACTIVE_ARCH = YES;
				SDKROOT = iphoneos;
				SWIFT_OPTIMIZATION_LEVEL = "-Onone";
			};
			name = Debug;
		};
		DE8A382F1BBF395F006F77F6 /* Release */ = {
			isa = XCBuildConfiguration;
			buildSettings = {
				ALWAYS_SEARCH_USER_PATHS = NO;
				CLANG_CXX_LANGUAGE_STANDARD = "gnu++0x";
				CLANG_CXX_LIBRARY = "libc++";
				CLANG_ENABLE_MODULES = YES;
				CLANG_ENABLE_OBJC_ARC = YES;
				CLANG_WARN_BOOL_CONVERSION = YES;
				CLANG_WARN_CONSTANT_CONVERSION = YES;
				CLANG_WARN_DIRECT_OBJC_ISA_USAGE = YES_ERROR;
				CLANG_WARN_EMPTY_BODY = YES;
				CLANG_WARN_ENUM_CONVERSION = YES;
				CLANG_WARN_INT_CONVERSION = YES;
				CLANG_WARN_OBJC_ROOT_CLASS = YES_ERROR;
				CLANG_WARN_UNREACHABLE_CODE = YES;
				CLANG_WARN__DUPLICATE_METHOD_MATCH = YES;
				"CODE_SIGN_IDENTITY[sdk=iphoneos*]" = "iPhone Developer";
				COPY_PHASE_STRIP = NO;
				DEBUG_INFORMATION_FORMAT = "dwarf-with-dsym";
				ENABLE_NS_ASSERTIONS = NO;
				ENABLE_STRICT_OBJC_MSGSEND = YES;
				GCC_C_LANGUAGE_STANDARD = gnu99;
				GCC_NO_COMMON_BLOCKS = YES;
				GCC_WARN_64_TO_32_BIT_CONVERSION = YES;
				GCC_WARN_ABOUT_RETURN_TYPE = YES_ERROR;
				GCC_WARN_UNDECLARED_SELECTOR = YES;
				GCC_WARN_UNINITIALIZED_AUTOS = YES_AGGRESSIVE;
				GCC_WARN_UNUSED_FUNCTION = YES;
				GCC_WARN_UNUSED_VARIABLE = YES;
				IPHONEOS_DEPLOYMENT_TARGET = 9.0;
				MTL_ENABLE_DEBUG_INFO = NO;
				SDKROOT = iphoneos;
				VALIDATE_PRODUCT = YES;
			};
			name = Release;
		};
		DE8A38311BBF395F006F77F6 /* Debug */ = {
			isa = XCBuildConfiguration;
			buildSettings = {
				ASSETCATALOG_COMPILER_APPICON_NAME = AppIcon;
				INFOPLIST_FILE = "Home Inventory/Info.plist";
				LD_RUNPATH_SEARCH_PATHS = "$(inherited) @executable_path/Frameworks";
				PRODUCT_BUNDLE_IDENTIFIER = "Open-Sky-Media--LLC.Home-Inventory";
				PRODUCT_NAME = "$(TARGET_NAME)";
			};
			name = Debug;
		};
		DE8A38321BBF395F006F77F6 /* Release */ = {
			isa = XCBuildConfiguration;
			buildSettings = {
				ASSETCATALOG_COMPILER_APPICON_NAME = AppIcon;
				INFOPLIST_FILE = "Home Inventory/Info.plist";
				LD_RUNPATH_SEARCH_PATHS = "$(inherited) @executable_path/Frameworks";
				PRODUCT_BUNDLE_IDENTIFIER = "Open-Sky-Media--LLC.Home-Inventory";
				PRODUCT_NAME = "$(TARGET_NAME)";
			};
			name = Release;
		};
/* End XCBuildConfiguration section */

/* Begin XCConfigurationList section */
		DE8A38171BBF395E006F77F6 /* Build configuration list for PBXProject "Home Inventory" */ = {
			isa = XCConfigurationList;
			buildConfigurations = (
				DE8A382E1BBF395F006F77F6 /* Debug */,
				DE8A382F1BBF395F006F77F6 /* Release */,
			);
			defaultConfigurationIsVisible = 0;
			defaultConfigurationName = Release;
		};
		DE8A38301BBF395F006F77F6 /* Build configuration list for PBXNativeTarget "Home Inventory" */ = {
			isa = XCConfigurationList;
			buildConfigurations = (
				DE8A38311BBF395F006F77F6 /* Debug */,
				DE8A38321BBF395F006F77F6 /* Release */,
			);
			defaultConfigurationIsVisible = 0;
		};
/* End XCConfigurationList section */
	};
	rootObject = DE8A38141BBF395E006F77F6 /* Project object */;
}
